# This file is autogenerated, do not edit; changes may be undone by the next 'dep ensure'.


[[projects]]
  name = "github.com/go-errors/errors"
  packages = ["."]
  revision = "a6af135bd4e28680facf08a3d206b454abc877a4"
  version = "v1.0.1"

[solve-meta]
  analyzer-name = "dep"
  analyzer-version = 1
  inputs-digest = "15ffc9fb7bdc89010afbc9ed98d45e01cede1559b954afaddd23d5f431ffb377"
  solver-name = "gps-cdcl"
  solver-version = 1
